
Microsoft Visual Studio Solution File, Format Version 12.00
# Visual Studio Version 17
VisualStudioVersion = 17.8.34330.188
MinimumVisualStudioVersion = 10.0.40219.1
Project("{9A19103F-16F7-4668-BE54-9A1E7A4F7556}") = "EntityFramework", "EntityFramework\EntityFramework.csproj", "{8E39B33F-0992-4D7F-BEBC-92394D7EC807}"
EndProject
Project("{FAE04EC0-301F-11D3-BF4B-00C04F79EFBC}") = "StudentManagmentTest", "StudentManagmentTest\StudentManagmentTest.csproj", "{A9DF1695-E19A-4329-A613-B0E78AD65A41}"
EndProject
Global
	GlobalSection(SolutionConfigurationPlatforms) = preSolution
		Debug|Any CPU = Debug|Any CPU
		Release|Any CPU = Release|Any CPU
	EndGlobalSection
	GlobalSection(ProjectConfigurationPlatforms) = postSolution
		{8E39B33F-0992-4D7F-BEBC-92394D7EC807}.Debug|Any CPU.ActiveCfg = Debug|Any CPU
		{8E39B33F-0992-4D7F-BEBC-92394D7EC807}.Debug|Any CPU.Build.0 = Debug|Any CPU
		{8E39B33F-0992-4D7F-BEBC-92394D7EC807}.Release|Any CPU.ActiveCfg = Release|Any CPU
		{8E39B33F-0992-4D7F-BEBC-92394D7EC807}.Release|Any CPU.Build.0 = Release|Any CPU
		{A9DF1695-E19A-4329-A613-B0E78AD65A41}.Debug|Any CPU.ActiveCfg = Debug|Any CPU
		{A9DF1695-E19A-4329-A613-B0E78AD65A41}.Debug|Any CPU.Build.0 = Debug|Any CPU
		{A9DF1695-E19A-4329-A613-B0E78AD65A41}.Release|Any CPU.ActiveCfg = Release|Any CPU
		{A9DF1695-E19A-4329-A613-B0E78AD65A41}.Release|Any CPU.Build.0 = Release|Any CPU
	EndGlobalSection
	GlobalSection(SolutionProperties) = preSolution
		HideSolutionNode = FALSE
	EndGlobalSection
	GlobalSection(ExtensibilityGlobals) = postSolution
		SolutionGuid = {62010521-E836-4C9F-BBF7-62116F0A967B}
	EndGlobalSection
EndGlobal
